
Microsoft Visual Studio Solution File, Format Version 12.00
# Visual Studio Version 17
VisualStudioVersion = 17.7.34031.279
MinimumVisualStudioVersion = 10.0.40219.1
Project("{FAE04EC0-301F-11D3-BF4B-00C04F79EFBC}") = "CSharp-App", "CSharp-App\CSharp-App.csproj", "{1F114A44-D33B-41F4-9EDE-B94F11E23427}"
EndProject
Global
	GlobalSection(SolutionConfigurationPlatforms) = preSolution
		Debug|Any CPU = Debug|Any CPU
		Release|Any CPU = Release|Any CPU
	EndGlobalSection
	GlobalSection(ProjectConfigurationPlatforms) = postSolution
		{1F114A44-D33B-41F4-9EDE-B94F11E23427}.Debug|Any CPU.ActiveCfg = Debug|Any CPU
		{1F114A44-D33B-41F4-9EDE-B94F11E23427}.Debug|Any CPU.Build.0 = Debug|Any CPU
		{1F114A44-D33B-41F4-9EDE-B94F11E23427}.Release|Any CPU.ActiveCfg = Release|Any CPU
		{1F114A44-D33B-41F4-9EDE-B94F11E23427}.Release|Any CPU.Build.0 = Release|Any CPU
	EndGlobalSection
	GlobalSection(SolutionProperties) = preSolution
		HideSolutionNode = FALSE
	EndGlobalSection
	GlobalSection(ExtensibilityGlobals) = postSolution
		SolutionGuid = {7AFB5E24-DD20-4B3F-A732-D69FADCF1C79}
	EndGlobalSection
EndGlobal
